{
  "name": "udp_test",
  "version": "1.0.0",
  "lockfileVersion": 1,
  "requires": true,
  "dependencies": {
    "audio-type": {
      "version": "1.0.2",
      "resolved": "https://registry.npmjs.org/audio-type/-/audio-type-1.0.2.tgz",
      "integrity": "sha1-n6tWsVc0o35Wwh72/624FhivD8A=",
      "requires": {
        "is-flac": "^1.1.0",
        "is-m4a": "^1.1.0",
        "is-mp3": "^1.1.0",
        "is-ogg": "^1.1.0",
        "is-wav": "^1.1.0",
        "read-chunk": "^2.0.0"
      }
    },
    "bindings": {
      "version": "1.5.0",
      "resolved": "https://registry.npmjs.org/bindings/-/bindings-1.5.0.tgz",
      "integrity": "sha512-p2q/t/mhvuOj/UeLlV6566GD/guowlr0hHxClI0W9m7MWYkL1F0hLo+0Aexs9HSPCtR1SXQ0TD3MMKrXZajbiQ==",
      "requires": {
        "file-uri-to-path": "1.0.0"
      }
    },
    "biquad-coeffs-webaudio": {
      "version": "1.2.0",
      "resolved": "https://registry.npmjs.org/biquad-coeffs-webaudio/-/biquad-coeffs-webaudio-1.2.0.tgz",
      "integrity": "sha1-AhyJDHLzuaBNGWdOg4AUTn/EHac=",
      "requires": {
        "biquad-coeffs-webaudio-v2": "^1.2.0"
      }
    },
    "biquad-coeffs-webaudio-v1": {
      "version": "1.2.0",
      "resolved": "https://registry.npmjs.org/biquad-coeffs-webaudio-v1/-/biquad-coeffs-webaudio-v1-1.2.0.tgz",
      "integrity": "sha1-mBzTSv0ogwMSuwBRRlon4LRZ2X8="
    },
    "biquad-coeffs-webaudio-v2": {
      "version": "1.2.0",
      "resolved": "https://registry.npmjs.org/biquad-coeffs-webaudio-v2/-/biquad-coeffs-webaudio-v2-1.2.0.tgz",
      "integrity": "sha1-rvyr6/bVVBQnzbDYOMmX+STDzG0=",
      "requires": {
        "biquad-coeffs-webaudio-v1": "^1.2.0"
      }
    },
    "buffer-alloc": {
      "version": "1.2.0",
      "resolved": "https://registry.npmjs.org/buffer-alloc/-/buffer-alloc-1.2.0.tgz",
      "integrity": "sha512-CFsHQgjtW1UChdXgbyJGtnm+O/uLQeZdtbDo8mfUgYXCHSM1wgrVxXm6bSyrUuErEb+4sYVGCzASBRot7zyrow==",
      "requires": {
        "buffer-alloc-unsafe": "^1.1.0",
        "buffer-fill": "^1.0.0"
      }
    },
    "buffer-alloc-unsafe": {
      "version": "1.1.0",
      "resolved": "https://registry.npmjs.org/buffer-alloc-unsafe/-/buffer-alloc-unsafe-1.1.0.tgz",
      "integrity": "sha512-TEM2iMIEQdJ2yjPJoSIsldnleVaAk1oW3DBVUykyOLsEsFmEc9kn+SFFPz+gl54KQNxlDnAwCXosOS9Okx2xAg=="
    },
    "buffer-fill": {
      "version": "1.0.0",
      "resolved": "https://registry.npmjs.org/buffer-fill/-/buffer-fill-1.0.0.tgz",
      "integrity": "sha1-+PeLdniYiO858gXNY39o5wISKyw="
    },
    "core-util-is": {
      "version": "1.0.2",
      "resolved": "https://registry.npmjs.org/core-util-is/-/core-util-is-1.0.2.tgz",
      "integrity": "sha1-tf1UIgqivFq1eqtxQMlAdUUDwac="
    },
    "debug": {
      "version": "3.2.6",
      "resolved": "https://registry.npmjs.org/debug/-/debug-3.2.6.tgz",
      "integrity": "sha512-mel+jf7nrtEl5Pn1Qx46zARXKDpBbvzezse7p7LqINmdoIk8PYP5SySaxEmYv6TZ0JyEKA1hsCId6DIhgITtWQ==",
      "requires": {
        "ms": "^2.1.1"
      }
    },
    "dgram": {
      "version": "1.0.1",
      "resolved": "https://registry.npmjs.org/dgram/-/dgram-1.0.1.tgz",
      "integrity": "sha1-N/OyAPgDOl/3WTAwicgc42G2UcM="
    },
    "file-uri-to-path": {
      "version": "1.0.0",
      "resolved": "https://registry.npmjs.org/file-uri-to-path/-/file-uri-to-path-1.0.0.tgz",
      "integrity": "sha512-0Zt+s3L7Vf1biwWZ29aARiVYLx7iMGnEUl9x33fbB/j3jR81u/O2LbqK+Bm1CDSNDKVtJ/YjwY7TUd5SkeLQLw=="
    },
    "fourier-transform": {
      "version": "1.1.2",
      "resolved": "https://registry.npmjs.org/fourier-transform/-/fourier-transform-1.1.2.tgz",
      "integrity": "sha1-U5J876hpWOsf0hSK9GxtP8Xnm2Q="
    },
    "inherits": {
      "version": "2.0.3",
      "resolved": "https://registry.npmjs.org/inherits/-/inherits-2.0.3.tgz",
      "integrity": "sha1-Yzwsg+PaQqUC9SRmAiSA9CCCYd4="
    },
    "is-flac": {
      "version": "1.1.2",
      "resolved": "https://registry.npmjs.org/is-flac/-/is-flac-1.1.2.tgz",
      "integrity": "sha1-xMWRj6IR5Rt6bpp8x1GAnq6MACw="
    },
    "is-m4a": {
      "version": "1.1.0",
      "resolved": "https://registry.npmjs.org/is-m4a/-/is-m4a-1.1.0.tgz",
      "integrity": "sha1-DxbISzufvx/fjDn4hGhGJk3b3Tw="
    },
    "is-mp3": {
      "version": "1.1.3",
      "resolved": "https://registry.npmjs.org/is-mp3/-/is-mp3-1.1.3.tgz",
      "integrity": "sha1-YqHnPCBgH0bLHxv1klBPk58L1Mg="
    },
    "is-ogg": {
      "version": "1.1.2",
      "resolved": "https://registry.npmjs.org/is-ogg/-/is-ogg-1.1.2.tgz",
      "integrity": "sha1-lWoOAjzntcSE+sDi/0J4NPanZJM="
    },
    "is-wav": {
      "version": "1.1.2",
      "resolved": "https://registry.npmjs.org/is-wav/-/is-wav-1.1.2.tgz",
      "integrity": "sha1-2crM81WoNNf1uCjwCYEdCX1UBQ4="
    },
    "isarray": {
      "version": "1.0.0",
      "resolved": "https://registry.npmjs.org/isarray/-/isarray-1.0.0.tgz",
      "integrity": "sha1-u5NdSFgsuhaMBoNJV6VKPgcSTxE="
    },
    "ms": {
      "version": "2.1.1",
      "resolved": "https://registry.npmjs.org/ms/-/ms-2.1.1.tgz",
      "integrity": "sha512-tgp+dl5cGk28utYktBsrFqA7HKgrhgPsg6Z/EfhWI4gl1Hwq8B/GmY/0oXZ6nF8hDVesS/FpnYaD/kOWhYQvyg=="
    },
    "nan": {
      "version": "2.13.2",
      "resolved": "https://registry.npmjs.org/nan/-/nan-2.13.2.tgz",
      "integrity": "sha512-TghvYc72wlMGMVMluVo9WRJc0mB8KxxF/gZ4YYFy7V2ZQX9l7rgbPg7vjS9mt6U5HXODVFVI2bOduCzwOMv/lw=="
    },
    "naudiodon": {
      "version": "2.0.3",
      "resolved": "https://registry.npmjs.org/naudiodon/-/naudiodon-2.0.3.tgz",
      "integrity": "sha512-zLVc0gWEQ+A0z9S6HybI/2TvJBNzkbOodiX9BmBbB6cnphdiWR1J1rGQC0Ims5gVd3RQlPqm2PkZRKlZa4L7YQ==",
      "requires": {
        "bindings": "^1.4.0",
        "node-addon-api": "^1.1.0",
        "segfault-handler": "^1.0.1"
      }
    },
    "nmap": {
      "version": "1.1.0",
      "resolved": "https://registry.npmjs.org/nmap/-/nmap-1.1.0.tgz",
      "integrity": "sha1-VEs8XEqyBU2PGDiJCOyu6Lk7ND0="
    },
    "node-addon-api": {
      "version": "1.6.3",
      "resolved": "https://registry.npmjs.org/node-addon-api/-/node-addon-api-1.6.3.tgz",
      "integrity": "sha512-FXWH6mqjWgU8ewuahp4spec8LkroFZK2NicOv6bNwZC3kcwZUI8LeZdG80UzTSLLhK4T7MsgNwlYDVRlDdfTDg=="
    },
    "pify": {
      "version": "3.0.0",
      "resolved": "https://registry.npmjs.org/pify/-/pify-3.0.0.tgz",
      "integrity": "sha1-5aSs0sEB/fPZpNB/DbxNtJ3SgXY="
    },
    "process-nextick-args": {
      "version": "2.0.0",
      "resolved": "https://registry.npmjs.org/process-nextick-args/-/process-nextick-args-2.0.0.tgz",
      "integrity": "sha512-MtEC1TqN0EU5nephaJ4rAtThHtC86dNN9qCuEhtshvpVBkAW5ZO7BASN9REnF9eoXGcRub+pFuKEpOHE+HbEMw=="
    },
    "read-chunk": {
      "version": "2.1.0",
      "resolved": "https://registry.npmjs.org/read-chunk/-/read-chunk-2.1.0.tgz",
      "integrity": "sha1-agTAkoAF7Z1C4aasVgDhnLx/9lU=",
      "requires": {
        "pify": "^3.0.0",
        "safe-buffer": "^5.1.1"
      }
    },
    "readable-stream": {
      "version": "2.3.6",
      "resolved": "https://registry.npmjs.org/readable-stream/-/readable-stream-2.3.6.tgz",
      "integrity": "sha512-tQtKA9WIAhBF3+VLAseyMqZeBjW0AHJoxOtYqSUZNJxauErmLbVm2FW1y+J/YA9dUrAC39ITejlZWhVIwawkKw==",
      "requires": {
        "core-util-is": "~1.0.0",
        "inherits": "~2.0.3",
        "isarray": "~1.0.0",
        "process-nextick-args": "~2.0.0",
        "safe-buffer": "~5.1.1",
        "string_decoder": "~1.1.1",
        "util-deprecate": "~1.0.1"
      }
    },
    "safe-buffer": {
      "version": "5.1.2",
      "resolved": "https://registry.npmjs.org/safe-buffer/-/safe-buffer-5.1.2.tgz",
      "integrity": "sha512-Gd2UZBJDkXlY7GbJxfsE8/nvKkUEU1G38c1siN6QP6a9PT9MmHB8GnpscSmMJSoF8LOIrt8ud/wPtojys4G6+g=="
    },
    "scijs-window-functions": {
      "version": "2.0.2",
      "resolved": "https://registry.npmjs.org/scijs-window-functions/-/scijs-window-functions-2.0.2.tgz",
      "integrity": "sha1-WOXckLUq5ymlOjf6889tRPV3WUI="
    },
    "segfault-handler": {
      "version": "1.0.1",
      "resolved": "https://registry.npmjs.org/segfault-handler/-/segfault-handler-1.0.1.tgz",
      "integrity": "sha512-3koBV3F0IPxTYacnoL7WoFlaMndXsXj62tiVbbW9Kzp3K+F9Y6GWW5XmKSv7j+7nf2M+qjNzc4W1iZoa8vocjw==",
      "requires": {
        "bindings": "^1.2.1",
        "nan": "^2.0.9"
      }
    },
    "speaker": {
      "version": "0.4.1",
      "resolved": "https://registry.npmjs.org/speaker/-/speaker-0.4.1.tgz",
      "integrity": "sha512-n5ef+ti/tRUpo5zUTeQ6zNGVb1i19gNBVbaRcr5s/RzzAILfA+bcJsJSClXCCydSmU4GArUgkFdFUfJTxA2SCA==",
      "requires": {
        "bindings": "^1.3.0",
        "buffer-alloc": "^1.1.0",
        "debug": "^3.0.1",
        "nan": "^2.6.2",
        "readable-stream": "^2.3.3"
      }
    },
    "string_decoder": {
      "version": "1.1.1",
      "resolved": "https://registry.npmjs.org/string_decoder/-/string_decoder-1.1.1.tgz",
      "integrity": "sha512-n/ShnvDi6FHbbVfviro+WojiFzv+s8MPMHBczVePfUpDJLwoLT0ht1l4YwBCbi8pJAveEEdnkHyPyTP/mzRfwg==",
      "requires": {
        "safe-buffer": "~5.1.0"
      }
    },
    "util-deprecate": {
      "version": "1.0.2",
      "resolved": "https://registry.npmjs.org/util-deprecate/-/util-deprecate-1.0.2.tgz",
      "integrity": "sha1-RQ1Nyfpw3nMnYvvS1KKJgUGaDM8="
    },
    "wav-decoder": {
      "version": "1.3.0",
      "resolved": "https://registry.npmjs.org/wav-decoder/-/wav-decoder-1.3.0.tgz",
      "integrity": "sha512-4U6O/JNb1dPO90CO2YMTQ5N2plJcntm39vNMvRq9VZ4Vy5FzS7Lnx95N2QcYUyKYcZfCbhI//W3dSHA8YnOQyQ=="
    },
    "wav-encoder": {
      "version": "1.3.0",
      "resolved": "https://registry.npmjs.org/wav-encoder/-/wav-encoder-1.3.0.tgz",
      "integrity": "sha512-FXJdEu2qDOI+wbVYZpu21CS1vPEg5NaxNskBr4SaULpOJMrLE6xkH8dECa7PiS+ZoeyvP7GllWUAxPN3AvFSEw=="
    },
    "web-audio-engine": {
      "version": "0.13.4",
      "resolved": "https://registry.npmjs.org/web-audio-engine/-/web-audio-engine-0.13.4.tgz",
      "integrity": "sha512-ZglW6UMlHXXzHhHiMjhr6qMT1Jwg9OydRo1lg6T864+SaoPUnJtvD6AW4uWa+Gl++Cw8CkpIk/5Arc5QiKugJA==",
      "requires": {
        "audio-type": "^1.0.2",
        "biquad-coeffs-webaudio": "^1.2.0",
        "fourier-transform": "^1.0.2",
        "nmap": "^1.1.0",
        "scijs-window-functions": "^2.0.2",
        "wav-decoder": "^1.1.0",
        "wav-encoder": "^1.1.0"
      }
    }
  }
}
